// !$*UTF8*$!
{
	archiveVersion = 1;
	classes = {
	};
	objectVersion = 56;
	objects = {

/* Begin PBXBuildFile section */
		461CE6E02D490CEB006EE0FD /* DetailViewController.swift in Sources */ = {isa = PBXBuildFile; fileRef = 461CE6DF2D490CEB006EE0FD /* DetailViewController.swift */; };
		461CE6E42D4D5442006EE0FD /* WorksCell.swift in Sources */ = {isa = PBXBuildFile; fileRef = 461CE6E32D4D5442006EE0FD /* WorksCell.swift */; };
		46BE505E2C99B19600B179A2 /* AppDelegate.swift in Sources */ = {isa = PBXBuildFile; fileRef = 46BE505D2C99B19600B179A2 /* AppDelegate.swift */; };
		46BE50602C99B19600B179A2 /* SceneDelegate.swift in Sources */ = {isa = PBXBuildFile; fileRef = 46BE505F2C99B19600B179A2 /* SceneDelegate.swift */; };
		46BE50622C99B19600B179A2 /* ViewController.swift in Sources */ = {isa = PBXBuildFile; fileRef = 46BE50612C99B19600B179A2 /* ViewController.swift */; };
		46BE50672C99B19700B179A2 /* Assets.xcassets in Resources */ = {isa = PBXBuildFile; fileRef = 46BE50662C99B19700B179A2 /* Assets.xcassets */; };
		46BE506A2C99B19700B179A2 /* LaunchScreen.storyboard in Resources */ = {isa = PBXBuildFile; fileRef = 46BE50682C99B19700B179A2 /* LaunchScreen.storyboard */; };
		46C60B062CA1BE7000DC6819 /* DetailWorksViewController.swift in Sources */ = {isa = PBXBuildFile; fileRef = 46C60B052CA1BE7000DC6819 /* DetailWorksViewController.swift */; };
		46F853A02C9C741A000045BC /* ArtistModel.swift in Sources */ = {isa = PBXBuildFile; fileRef = 46F8539F2C9C741A000045BC /* ArtistModel.swift */; };
		46F853A32C9C9F0B000045BC /* ArtistManager.swift in Sources */ = {isa = PBXBuildFile; fileRef = 46F853A22C9C9F0B000045BC /* ArtistManager.swift */; };
		46F853A52C9CAEED000045BC /* artistJson.json in Resources */ = {isa = PBXBuildFile; fileRef = 46F853A42C9CAEED000045BC /* artistJson.json */; };
		46F853A92C9F6DDD000045BC /* ArtistCell.swift in Sources */ = {isa = PBXBuildFile; fileRef = 46F853A82C9F6DDD000045BC /* ArtistCell.swift */; };
		77DB10788980C713E1811A50 /* Pods_Art_App.framework in Frameworks */ = {isa = PBXBuildFile; fileRef = 41869A36487D8027C624DFB8 /* Pods_Art_App.framework */; };
/* End PBXBuildFile section */

/* Begin PBXFileReference section */
		41869A36487D8027C624DFB8 /* Pods_Art_App.framework */ = {isa = PBXFileReference; explicitFileType = wrapper.framework; includeInIndex = 0; path = Pods_Art_App.framework; sourceTree = BUILT_PRODUCTS_DIR; };
		461CE6DF2D490CEB006EE0FD /* DetailViewController.swift */ = {isa = PBXFileReference; lastKnownFileType = sourcecode.swift; path = DetailViewController.swift; sourceTree = "<group>"; };
		461CE6E32D4D5442006EE0FD /* WorksCell.swift */ = {isa = PBXFileReference; lastKnownFileType = sourcecode.swift; path = WorksCell.swift; sourceTree = "<group>"; };
		46BE505A2C99B19600B179A2 /* Art App.app */ = {isa = PBXFileReference; explicitFileType = wrapper.application; includeInIndex = 0; path = "Art App.app"; sourceTree = BUILT_PRODUCTS_DIR; };
		46BE505D2C99B19600B179A2 /* AppDelegate.swift */ = {isa = PBXFileReference; lastKnownFileType = sourcecode.swift; path = AppDelegate.swift; sourceTree = "<group>"; };
		46BE505F2C99B19600B179A2 /* SceneDelegate.swift */ = {isa = PBXFileReference; lastKnownFileType = sourcecode.swift; path = SceneDelegate.swift; sourceTree = "<group>"; };
		46BE50612C99B19600B179A2 /* ViewController.swift */ = {isa = PBXFileReference; lastKnownFileType = sourcecode.swift; path = ViewController.swift; sourceTree = "<group>"; };
		46BE50662C99B19700B179A2 /* Assets.xcassets */ = {isa = PBXFileReference; lastKnownFileType = folder.assetcatalog; path = Assets.xcassets; sourceTree = "<group>"; };
		46BE50692C99B19700B179A2 /* Base */ = {isa = PBXFileReference; lastKnownFileType = file.storyboard; name = Base; path = Base.lproj/LaunchScreen.storyboard; sourceTree = "<group>"; };
		46BE506B2C99B19700B179A2 /* Info.plist */ = {isa = PBXFileReference; lastKnownFileType = text.plist.xml; path = Info.plist; sourceTree = "<group>"; };
		46C60B052CA1BE7000DC6819 /* DetailWorksViewController.swift */ = {isa = PBXFileReference; lastKnownFileType = sourcecode.swift; path = DetailWorksViewController.swift; sourceTree = "<group>"; };
		46F8539F2C9C741A000045BC /* ArtistModel.swift */ = {isa = PBXFileReference; lastKnownFileType = sourcecode.swift; path = ArtistModel.swift; sourceTree = "<group>"; };
		46F853A22C9C9F0B000045BC /* ArtistManager.swift */ = {isa = PBXFileReference; lastKnownFileType = sourcecode.swift; path = ArtistManager.swift; sourceTree = "<group>"; };
		46F853A42C9CAEED000045BC /* artistJson.json */ = {isa = PBXFileReference; fileEncoding = 4; lastKnownFileType = text.json; path = artistJson.json; sourceTree = "<group>"; };
		46F853A82C9F6DDD000045BC /* ArtistCell.swift */ = {isa = PBXFileReference; lastKnownFileType = sourcecode.swift; path = ArtistCell.swift; sourceTree = "<group>"; };
		9071BE0D131CA60B209F3E40 /* Pods-Art App.debug.xcconfig */ = {isa = PBXFileReference; includeInIndex = 1; lastKnownFileType = text.xcconfig; name = "Pods-Art App.debug.xcconfig"; path = "Target Support Files/Pods-Art App/Pods-Art App.debug.xcconfig"; sourceTree = "<group>"; };
		9D543D7E1AB7FB782E86F430 /* Pods-Art App.release.xcconfig */ = {isa = PBXFileReference; includeInIndex = 1; lastKnownFileType = text.xcconfig; name = "Pods-Art App.release.xcconfig"; path = "Target Support Files/Pods-Art App/Pods-Art App.release.xcconfig"; sourceTree = "<group>"; };
/* End PBXFileReference section */

/* Begin PBXFrameworksBuildPhase section */
		46BE50572C99B19600B179A2 /* Frameworks */ = {
			isa = PBXFrameworksBuildPhase;
			buildActionMask = 2147483647;
			files = (
				77DB10788980C713E1811A50 /* Pods_Art_App.framework in Frameworks */,
			);
			runOnlyForDeploymentPostprocessing = 0;
		};
/* End PBXFrameworksBuildPhase section */

/* Begin PBXGroup section */
		46BE50512C99B19600B179A2 = {
			isa = PBXGroup;
			children = (
				46BE505C2C99B19600B179A2 /* Art App */,
				46BE505B2C99B19600B179A2 /* Products */,
				BA35E3E1852F2BA08B6858D1 /* Pods */,
				8239D7CDAA51E067B64F12C6 /* Frameworks */,
			);
			sourceTree = "<group>";
		};
		46BE505B2C99B19600B179A2 /* Products */ = {
			isa = PBXGroup;
			children = (
				46BE505A2C99B19600B179A2 /* Art App.app */,
			);
			name = Products;
			sourceTree = "<group>";
		};
		46BE505C2C99B19600B179A2 /* Art App */ = {
			isa = PBXGroup;
			children = (
				46BE505D2C99B19600B179A2 /* AppDelegate.swift */,
				46BE505F2C99B19600B179A2 /* SceneDelegate.swift */,
				46F853A72C9CB3A7000045BC /* Manager */,
				46F853A12C9C7420000045BC /* Model */,
				46BE50722C99B61900B179A2 /* Controllers */,
				46BE50662C99B19700B179A2 /* Assets.xcassets */,
				46F853A62C9CB17A000045BC /* resource */,
				46BE50682C99B19700B179A2 /* LaunchScreen.storyboard */,
				46BE506B2C99B19700B179A2 /* Info.plist */,
			);
			path = "Art App";
			sourceTree = "<group>";
		};
		46BE50722C99B61900B179A2 /* Controllers */ = {
			isa = PBXGroup;
			children = (
				46BE50612C99B19600B179A2 /* ViewController.swift */,
				46C60B052CA1BE7000DC6819 /* DetailWorksViewController.swift */,
				461CE6DF2D490CEB006EE0FD /* DetailViewController.swift */,
				46F853A82C9F6DDD000045BC /* ArtistCell.swift */,
				461CE6E32D4D5442006EE0FD /* WorksCell.swift */,
			);
			path = Controllers;
			sourceTree = "<group>";
		};
		46F853A12C9C7420000045BC /* Model */ = {
			isa = PBXGroup;
			children = (
				46F8539F2C9C741A000045BC /* ArtistModel.swift */,
			);
			path = Model;
			sourceTree = "<group>";
		};
		46F853A62C9CB17A000045BC /* resource */ = {
			isa = PBXGroup;
			children = (
				46F853A42C9CAEED000045BC /* artistJson.json */,
			);
			path = resource;
			sourceTree = "<group>";
		};
		46F853A72C9CB3A7000045BC /* Manager */ = {
			isa = PBXGroup;
			children = (
				46F853A22C9C9F0B000045BC /* ArtistManager.swift */,
			);
			path = Manager;
			sourceTree = "<group>";
		};
		8239D7CDAA51E067B64F12C6 /* Frameworks */ = {
			isa = PBXGroup;
			children = (
				41869A36487D8027C624DFB8 /* Pods_Art_App.framework */,
			);
			name = Frameworks;
			sourceTree = "<group>";
		};
		BA35E3E1852F2BA08B6858D1 /* Pods */ = {
			isa = PBXGroup;
			children = (
				9071BE0D131CA60B209F3E40 /* Pods-Art App.debug.xcconfig */,
				9D543D7E1AB7FB782E86F430 /* Pods-Art App.release.xcconfig */,
			);
			path = Pods;
			sourceTree = "<group>";
		};
/* End PBXGroup section */

/* Begin PBXNativeTarget section */
		46BE50592C99B19600B179A2 /* Art App */ = {
			isa = PBXNativeTarget;
			buildConfigurationList = 46BE506E2C99B19700B179A2 /* Build configuration list for PBXNativeTarget "Art App" */;
			buildPhases = (
				65A068D301E57DF65924FB4D /* [CP] Check Pods Manifest.lock */,
				46BE50562C99B19600B179A2 /* Sources */,
				46BE50572C99B19600B179A2 /* Frameworks */,
				46BE50582C99B19600B179A2 /* Resources */,
				8895D306BFCF49831901F2A5 /* [CP] Embed Pods Frameworks */,
			);
			buildRules = (
			);
			dependencies = (
			);
			name = "Art App";
			productName = "Art App";
			productReference = 46BE505A2C99B19600B179A2 /* Art App.app */;
			productType = "com.apple.product-type.application";
		};
/* End PBXNativeTarget section */

/* Begin PBXProject section */
		46BE50522C99B19600B179A2 /* Project object */ = {
			isa = PBXProject;
			attributes = {
				BuildIndependentTargetsInParallel = 1;
				LastSwiftUpdateCheck = 1500;
				LastUpgradeCheck = 1500;
				TargetAttributes = {
					46BE50592C99B19600B179A2 = {
						CreatedOnToolsVersion = 15.0;
					};
				};
			};
			buildConfigurationList = 46BE50552C99B19600B179A2 /* Build configuration list for PBXProject "Art App" */;
			compatibilityVersion = "Xcode 14.0";
			developmentRegion = en;
			hasScannedForEncodings = 0;
			knownRegions = (
				en,
				Base,
			);
			mainGroup = 46BE50512C99B19600B179A2;
			productRefGroup = 46BE505B2C99B19600B179A2 /* Products */;
			projectDirPath = "";
			projectRoot = "";
			targets = (
				46BE50592C99B19600B179A2 /* Art App */,
			);
		};
/* End PBXProject section */

/* Begin PBXResourcesBuildPhase section */
		46BE50582C99B19600B179A2 /* Resources */ = {
			isa = PBXResourcesBuildPhase;
			buildActionMask = 2147483647;
			files = (
				46BE506A2C99B19700B179A2 /* LaunchScreen.storyboard in Resources */,
				46F853A52C9CAEED000045BC /* artistJson.json in Resources */,
				46BE50672C99B19700B179A2 /* Assets.xcassets in Resources */,
			);
			runOnlyForDeploymentPostprocessing = 0;
		};
/* End PBXResourcesBuildPhase section */

/* Begin PBXShellScriptBuildPhase section */
		65A068D301E57DF65924FB4D /* [CP] Check Pods Manifest.lock */ = {
			isa = PBXShellScriptBuildPhase;
			buildActionMask = 2147483647;
			files = (
			);
			inputFileListPaths = (
			);
			inputPaths = (
				"${PODS_PODFILE_DIR_PATH}/Podfile.lock",
				"${PODS_ROOT}/Manifest.lock",
			);
			name = "[CP] Check Pods Manifest.lock";
			outputFileListPaths = (
			);
			outputPaths = (
				"$(DERIVED_FILE_DIR)/Pods-Art App-checkManifestLockResult.txt",
			);
			runOnlyForDeploymentPostprocessing = 0;
			shellPath = /bin/sh;
			shellScript = "diff \"${PODS_PODFILE_DIR_PATH}/Podfile.lock\" \"${PODS_ROOT}/Manifest.lock\" > /dev/null\nif [ $? != 0 ] ; then\n    # print error to STDERR\n    echo \"error: The sandbox is not in sync with the Podfile.lock. Run 'pod install' or update your CocoaPods installation.\" >&2\n    exit 1\nfi\n# This output is used by Xcode 'outputs' to avoid re-running this script phase.\necho \"SUCCESS\" > \"${SCRIPT_OUTPUT_FILE_0}\"\n";
			showEnvVarsInLog = 0;
		};
		8895D306BFCF49831901F2A5 /* [CP] Embed Pods Frameworks */ = {
			isa = PBXShellScriptBuildPhase;
			buildActionMask = 2147483647;
			files = (
			);
			inputFileListPaths = (
				"${PODS_ROOT}/Target Support Files/Pods-Art App/Pods-Art App-frameworks-${CONFIGURATION}-input-files.xcfilelist",
			);
			name = "[CP] Embed Pods Frameworks";
			outputFileListPaths = (
				"${PODS_ROOT}/Target Support Files/Pods-Art App/Pods-Art App-frameworks-${CONFIGURATION}-output-files.xcfilelist",
			);
			runOnlyForDeploymentPostprocessing = 0;
			shellPath = /bin/sh;
			shellScript = "\"${PODS_ROOT}/Target Support Files/Pods-Art App/Pods-Art App-frameworks.sh\"\n";
			showEnvVarsInLog = 0;
		};
/* End PBXShellScriptBuildPhase section */

/* Begin PBXSourcesBuildPhase section */
		46BE50562C99B19600B179A2 /* Sources */ = {
			isa = PBXSourcesBuildPhase;
			buildActionMask = 2147483647;
			files = (
				46F853A02C9C741A000045BC /* ArtistModel.swift in Sources */,
				461CE6E42D4D5442006EE0FD /* WorksCell.swift in Sources */,
				46BE50622C99B19600B179A2 /* ViewController.swift in Sources */,
				46F853A92C9F6DDD000045BC /* ArtistCell.swift in Sources */,
				46F853A32C9C9F0B000045BC /* ArtistManager.swift in Sources */,
				46BE505E2C99B19600B179A2 /* AppDelegate.swift in Sources */,
				46BE50602C99B19600B179A2 /* SceneDelegate.swift in Sources */,
				46C60B062CA1BE7000DC6819 /* DetailWorksViewController.swift in Sources */,
				461CE6E02D490CEB006EE0FD /* DetailViewController.swift in Sources */,
			);
			runOnlyForDeploymentPostprocessing = 0;
		};
/* End PBXSourcesBuildPhase section */

/* Begin PBXVariantGroup section */
		46BE50682C99B19700B179A2 /* LaunchScreen.storyboard */ = {
			isa = PBXVariantGroup;
			children = (
				46BE50692C99B19700B179A2 /* Base */,
			);
			name = LaunchScreen.storyboard;
			sourceTree = "<group>";
		};
/* End PBXVariantGroup section */

/* Begin XCBuildConfiguration section */
		46BE506C2C99B19700B179A2 /* Debug */ = {
			isa = XCBuildConfiguration;
			buildSettings = {
				ALWAYS_SEARCH_USER_PATHS = NO;
				ASSETCATALOG_COMPILER_GENERATE_SWIFT_ASSET_SYMBOL_EXTENSIONS = YES;
				CLANG_ANALYZER_NONNULL = YES;
				CLANG_ANALYZER_NUMBER_OBJECT_CONVERSION = YES_AGGRESSIVE;
				CLANG_CXX_LANGUAGE_STANDARD = "gnu++20";
				CLANG_ENABLE_MODULES = YES;
				CLANG_ENABLE_OBJC_ARC = YES;
				CLANG_ENABLE_OBJC_WEAK = YES;
				CLANG_WARN_BLOCK_CAPTURE_AUTORELEASING = YES;
				CLANG_WARN_BOOL_CONVERSION = YES;
				CLANG_WARN_COMMA = YES;
				CLANG_WARN_CONSTANT_CONVERSION = YES;
				CLANG_WARN_DEPRECATED_OBJC_IMPLEMENTATIONS = YES;
				CLANG_WARN_DIRECT_OBJC_ISA_USAGE = YES_ERROR;
				CLANG_WARN_DOCUMENTATION_COMMENTS = YES;
				CLANG_WARN_EMPTY_BODY = YES;
				CLANG_WARN_ENUM_CONVERSION = YES;
				CLANG_WARN_INFINITE_RECURSION = YES;
				CLANG_WARN_INT_CONVERSION = YES;
				CLANG_WARN_NON_LITERAL_NULL_CONVERSION = YES;
				CLANG_WARN_OBJC_IMPLICIT_RETAIN_SELF = YES;
				CLANG_WARN_OBJC_LITERAL_CONVERSION = YES;
				CLANG_WARN_OBJC_ROOT_CLASS = YES_ERROR;
				CLANG_WARN_QUOTED_INCLUDE_IN_FRAMEWORK_HEADER = YES;
				CLANG_WARN_RANGE_LOOP_ANALYSIS = YES;
				CLANG_WARN_STRICT_PROTOTYPES = YES;
				CLANG_WARN_SUSPICIOUS_MOVE = YES;
				CLANG_WARN_UNGUARDED_AVAILABILITY = YES_AGGRESSIVE;
				CLANG_WARN_UNREACHABLE_CODE = YES;
				CLANG_WARN__DUPLICATE_METHOD_MATCH = YES;
				COPY_PHASE_STRIP = NO;
				DEBUG_INFORMATION_FORMAT = dwarf;
				ENABLE_STRICT_OBJC_MSGSEND = YES;
				ENABLE_TESTABILITY = YES;
				ENABLE_USER_SCRIPT_SANDBOXING = YES;
				GCC_C_LANGUAGE_STANDARD = gnu17;
				GCC_DYNAMIC_NO_PIC = NO;
				GCC_NO_COMMON_BLOCKS = YES;
				GCC_OPTIMIZATION_LEVEL = 0;
				GCC_PREPROCESSOR_DEFINITIONS = (
					"DEBUG=1",
					"$(inherited)",
				);
				GCC_WARN_64_TO_32_BIT_CONVERSION = YES;
				GCC_WARN_ABOUT_RETURN_TYPE = YES_ERROR;
				GCC_WARN_UNDECLARED_SELECTOR = YES;
				GCC_WARN_UNINITIALIZED_AUTOS = YES_AGGRESSIVE;
				GCC_WARN_UNUSED_FUNCTION = YES;
				GCC_WARN_UNUSED_VARIABLE = YES;
				IPHONEOS_DEPLOYMENT_TARGET = 17.0;
				LOCALIZATION_PREFERS_STRING_CATALOGS = YES;
				MTL_ENABLE_DEBUG_INFO = INCLUDE_SOURCE;
				MTL_FAST_MATH = YES;
				ONLY_ACTIVE_ARCH = YES;
				SDKROOT = iphoneos;
				SWIFT_ACTIVE_COMPILATION_CONDITIONS = "DEBUG $(inherited)";
				SWIFT_OPTIMIZATION_LEVEL = "-Onone";
			};
			name = Debug;
		};
		46BE506D2C99B19700B179A2 /* Release */ = {
			isa = XCBuildConfiguration;
			buildSettings = {
				ALWAYS_SEARCH_USER_PATHS = NO;
				ASSETCATALOG_COMPILER_GENERATE_SWIFT_ASSET_SYMBOL_EXTENSIONS = YES;
				CLANG_ANALYZER_NONNULL = YES;
				CLANG_ANALYZER_NUMBER_OBJECT_CONVERSION = YES_AGGRESSIVE;
				CLANG_CXX_LANGUAGE_STANDARD = "gnu++20";
				CLANG_ENABLE_MODULES = YES;
				CLANG_ENABLE_OBJC_ARC = YES;
				CLANG_ENABLE_OBJC_WEAK = YES;
				CLANG_WARN_BLOCK_CAPTURE_AUTORELEASING = YES;
				CLANG_WARN_BOOL_CONVERSION = YES;
				CLANG_WARN_COMMA = YES;
				CLANG_WARN_CONSTANT_CONVERSION = YES;
				CLANG_WARN_DEPRECATED_OBJC_IMPLEMENTATIONS = YES;
				CLANG_WARN_DIRECT_OBJC_ISA_USAGE = YES_ERROR;
				CLANG_WARN_DOCUMENTATION_COMMENTS = YES;
				CLANG_WARN_EMPTY_BODY = YES;
				CLANG_WARN_ENUM_CONVERSION = YES;
				CLANG_WARN_INFINITE_RECURSION = YES;
				CLANG_WARN_INT_CONVERSION = YES;
				CLANG_WARN_NON_LITERAL_NULL_CONVERSION = YES;
				CLANG_WARN_OBJC_IMPLICIT_RETAIN_SELF = YES;
				CLANG_WARN_OBJC_LITERAL_CONVERSION = YES;
				CLANG_WARN_OBJC_ROOT_CLASS = YES_ERROR;
				CLANG_WARN_QUOTED_INCLUDE_IN_FRAMEWORK_HEADER = YES;
				CLANG_WARN_RANGE_LOOP_ANALYSIS = YES;
				CLANG_WARN_STRICT_PROTOTYPES = YES;
				CLANG_WARN_SUSPICIOUS_MOVE = YES;
				CLANG_WARN_UNGUARDED_AVAILABILITY = YES_AGGRESSIVE;
				CLANG_WARN_UNREACHABLE_CODE = YES;
				CLANG_WARN__DUPLICATE_METHOD_MATCH = YES;
				COPY_PHASE_STRIP = NO;
				DEBUG_INFORMATION_FORMAT = "dwarf-with-dsym";
				ENABLE_NS_ASSERTIONS = NO;
				ENABLE_STRICT_OBJC_MSGSEND = YES;
				ENABLE_USER_SCRIPT_SANDBOXING = YES;
				GCC_C_LANGUAGE_STANDARD = gnu17;
				GCC_NO_COMMON_BLOCKS = YES;
				GCC_WARN_64_TO_32_BIT_CONVERSION = YES;
				GCC_WARN_ABOUT_RETURN_TYPE = YES_ERROR;
				GCC_WARN_UNDECLARED_SELECTOR = YES;
				GCC_WARN_UNINITIALIZED_AUTOS = YES_AGGRESSIVE;
				GCC_WARN_UNUSED_FUNCTION = YES;
				GCC_WARN_UNUSED_VARIABLE = YES;
				IPHONEOS_DEPLOYMENT_TARGET = 17.0;
				LOCALIZATION_PREFERS_STRING_CATALOGS = YES;
				MTL_ENABLE_DEBUG_INFO = NO;
				MTL_FAST_MATH = YES;
				SDKROOT = iphoneos;
				SWIFT_COMPILATION_MODE = wholemodule;
				VALIDATE_PRODUCT = YES;
			};
			name = Release;
		};
		46BE506F2C99B19700B179A2 /* Debug */ = {
			isa = XCBuildConfiguration;
			baseConfigurationReference = 9071BE0D131CA60B209F3E40 /* Pods-Art App.debug.xcconfig */;
			buildSettings = {
				ASSETCATALOG_COMPILER_APPICON_NAME = AppIcon;
				ASSETCATALOG_COMPILER_GLOBAL_ACCENT_COLOR_NAME = AccentColor;
				CODE_SIGN_STYLE = Automatic;
				CURRENT_PROJECT_VERSION = 1;
				DEVELOPMENT_TEAM = TLSFRK3N4G;
				ENABLE_USER_SCRIPT_SANDBOXING = NO;
				GENERATE_INFOPLIST_FILE = YES;
				INFOPLIST_FILE = "Art App/Info.plist";
				INFOPLIST_KEY_UIApplicationSupportsIndirectInputEvents = YES;
				INFOPLIST_KEY_UILaunchStoryboardName = LaunchScreen;
				INFOPLIST_KEY_UISupportedInterfaceOrientations_iPad = "UIInterfaceOrientationPortrait UIInterfaceOrientationPortraitUpsideDown UIInterfaceOrientationLandscapeLeft UIInterfaceOrientationLandscapeRight";
				INFOPLIST_KEY_UISupportedInterfaceOrientations_iPhone = "UIInterfaceOrientationPortrait UIInterfaceOrientationLandscapeLeft UIInterfaceOrientationLandscapeRight";
				LD_RUNPATH_SEARCH_PATHS = (
					"$(inherited)",
					"@executable_path/Frameworks",
				);
				MARKETING_VERSION = 1.0;
				PRODUCT_BUNDLE_IDENTIFIER = "com.ekaterinao.Art-App";
				PRODUCT_NAME = "$(TARGET_NAME)";
				SWIFT_EMIT_LOC_STRINGS = YES;
				SWIFT_VERSION = 5.0;
				TARGETED_DEVICE_FAMILY = "1,2";
			};
			name = Debug;
		};
		46BE50702C99B19700B179A2 /* Release */ = {
			isa = XCBuildConfiguration;
			baseConfigurationReference = 9D543D7E1AB7FB782E86F430 /* Pods-Art App.release.xcconfig */;
			buildSettings = {
				ASSETCATALOG_COMPILER_APPICON_NAME = AppIcon;
				ASSETCATALOG_COMPILER_GLOBAL_ACCENT_COLOR_NAME = AccentColor;
				CODE_SIGN_STYLE = Automatic;
				CURRENT_PROJECT_VERSION = 1;
				DEVELOPMENT_TEAM = TLSFRK3N4G;
				ENABLE_USER_SCRIPT_SANDBOXING = NO;
				GENERATE_INFOPLIST_FILE = YES;
				INFOPLIST_FILE = "Art App/Info.plist";
				INFOPLIST_KEY_UIApplicationSupportsIndirectInputEvents = YES;
				INFOPLIST_KEY_UILaunchStoryboardName = LaunchScreen;
				INFOPLIST_KEY_UISupportedInterfaceOrientations_iPad = "UIInterfaceOrientationPortrait UIInterfaceOrientationPortraitUpsideDown UIInterfaceOrientationLandscapeLeft UIInterfaceOrientationLandscapeRight";
				INFOPLIST_KEY_UISupportedInterfaceOrientations_iPhone = "UIInterfaceOrientationPortrait UIInterfaceOrientationLandscapeLeft UIInterfaceOrientationLandscapeRight";
				LD_RUNPATH_SEARCH_PATHS = (
					"$(inherited)",
					"@executable_path/Frameworks",
				);
				MARKETING_VERSION = 1.0;
				PRODUCT_BUNDLE_IDENTIFIER = "com.ekaterinao.Art-App";
				PRODUCT_NAME = "$(TARGET_NAME)";
				SWIFT_EMIT_LOC_STRINGS = YES;
				SWIFT_VERSION = 5.0;
				TARGETED_DEVICE_FAMILY = "1,2";
			};
			name = Release;
		};
/* End XCBuildConfiguration section */

/* Begin XCConfigurationList section */
		46BE50552C99B19600B179A2 /* Build configuration list for PBXProject "Art App" */ = {
			isa = XCConfigurationList;
			buildConfigurations = (
				46BE506C2C99B19700B179A2 /* Debug */,
				46BE506D2C99B19700B179A2 /* Release */,
			);
			defaultConfigurationIsVisible = 0;
			defaultConfigurationName = Release;
		};
		46BE506E2C99B19700B179A2 /* Build configuration list for PBXNativeTarget "Art App" */ = {
			isa = XCConfigurationList;
			buildConfigurations = (
				46BE506F2C99B19700B179A2 /* Debug */,
				46BE50702C99B19700B179A2 /* Release */,
			);
			defaultConfigurationIsVisible = 0;
			defaultConfigurationName = Release;
		};
/* End XCConfigurationList section */
	};
	rootObject = 46BE50522C99B19600B179A2 /* Project object */;
}
